
Microsoft Visual Studio Solution File, Format Version 12.00
# Visual Studio Version 17
VisualStudioVersion = 17.0.31903.59
MinimumVisualStudioVersion = 10.0.40219.1
Project("{FAE04EC0-301F-11D3-BF4B-00C04F79EFBC}") = "Infrastructure.Api", "Infrastructure.Api\Infrastructure.Api.csproj", "{6CCE6DAF-32CD-43D8-B2CA-5AC35F481F55}"
EndProject
Project("{2150E333-8FDC-42A3-9474-1A3956D46DE8}") = "TimeService", "TimeService", "{5784BCA8-151E-1AFB-54FD-305F915D414E}"
EndProject
Project("{2150E333-8FDC-42A3-9474-1A3956D46DE8}") = "Command", "Command", "{2AB3B56F-8FCA-DDBF-4F6C-CCB8A6C73858}"
EndProject
Project("{2150E333-8FDC-42A3-9474-1A3956D46DE8}") = "AccountService", "AccountService", "{83A3FF5F-A694-8F5D-75DD-833784B0AE3C}"
EndProject
Project("{2150E333-8FDC-42A3-9474-1A3956D46DE8}") = "Command", "Command", "{3E0B2201-3EDA-4F4D-DADF-E91E22F78B1B}"
EndProject
Project("{2150E333-8FDC-42A3-9474-1A3956D46DE8}") = "EvolutionService", "EvolutionService", "{A360C8D4-D4F4-2D9B-A36E-7D4E1D3B12E5}"
EndProject
Project("{2150E333-8FDC-42A3-9474-1A3956D46DE8}") = "Command", "Command", "{8170FA08-840F-E347-18A9-BC7C53ACF59D}"
EndProject
Project("{2150E333-8FDC-42A3-9474-1A3956D46DE8}") = "ProfileService", "ProfileService", "{121FCCD5-A622-28EF-E3AD-6628D85804FE}"
EndProject
Project("{2150E333-8FDC-42A3-9474-1A3956D46DE8}") = "Command", "Command", "{3E4871D0-9F60-4525-EF54-934938AB6EE4}"
EndProject
Project("{2150E333-8FDC-42A3-9474-1A3956D46DE8}") = "Query", "Query", "{4F40B952-63FE-4334-1941-F5DEB09271A0}"
EndProject
Project("{FAE04EC0-301F-11D3-BF4B-00C04F79EFBC}") = "TimeService.Command.Api", "TimeService\Command\Api\TimeService.Command.Api.csproj", "{1CFB3F5F-9C0B-4308-8D62-3A62643038FB}"
EndProject
Project("{FAE04EC0-301F-11D3-BF4B-00C04F79EFBC}") = "TimeService.Command.Application", "TimeService\Command\Application\TimeService.Command.Application.csproj", "{97D3C2C7-940D-4DD9-9495-A76E4C15370B}"
EndProject
Project("{FAE04EC0-301F-11D3-BF4B-00C04F79EFBC}") = "TimeService.Command.Domain", "TimeService\Command\Domain\TimeService.Command.Domain.csproj", "{AB03F2DC-1B0F-4662-9CF9-7F9EB836E96B}"
EndProject
Project("{FAE04EC0-301F-11D3-BF4B-00C04F79EFBC}") = "TimeService.Command.Infrastructure", "TimeService\Command\Infrastructure\TimeService.Command.Infrastructure.csproj", "{22F6FA59-BD00-48ED-9C66-EEB20ADA1733}"
EndProject
Project("{FAE04EC0-301F-11D3-BF4B-00C04F79EFBC}") = "TimeService.Query.Api", "TimeService\Query\Api\TimeService.Query.Api.csproj", "{E6A0F922-E704-480A-A6E7-D609B94BF011}"
EndProject
Project("{FAE04EC0-301F-11D3-BF4B-00C04F79EFBC}") = "TimeService.Query.Application", "TimeService\Query\Application\TimeService.Query.Application.csproj", "{53F009C4-9F51-4018-8285-602EE34EE34B}"
EndProject
Project("{FAE04EC0-301F-11D3-BF4B-00C04F79EFBC}") = "TimeService.Query.Domain", "TimeService\Query\Domain\TimeService.Query.Domain.csproj", "{7A3B93C9-A9F8-437A-B3AC-B20F793345A6}"
EndProject
Project("{FAE04EC0-301F-11D3-BF4B-00C04F79EFBC}") = "TimeService.Query.Infrastructure", "TimeService\Query\Infrastructure\TimeService.Query.Infrastructure.csproj", "{158DCD1A-EF07-49A7-98D3-DB1F6754EA75}"
EndProject
Project("{FAE04EC0-301F-11D3-BF4B-00C04F79EFBC}") = "AccountService.Command.Api", "AccountService\Command\Api\AccountService.Command.Api.csproj", "{35EFC0CD-FF8F-4A3B-9FBB-73D2A0FEC1DB}"
EndProject
Project("{FAE04EC0-301F-11D3-BF4B-00C04F79EFBC}") = "AccountService.Command.Application", "AccountService\Command\Application\AccountService.Command.Application.csproj", "{C6130DB6-F536-46BD-8D29-42420E4076A2}"
EndProject
Project("{FAE04EC0-301F-11D3-BF4B-00C04F79EFBC}") = "AccountService.Command.Domain", "AccountService\Command\Domain\AccountService.Command.Domain.csproj", "{97C117B1-051E-47D9-AEC2-74C759A2BCB7}"
EndProject
Project("{FAE04EC0-301F-11D3-BF4B-00C04F79EFBC}") = "AccountService.Command.Infrastructure", "AccountService\Command\Infrastructure\AccountService.Command.Infrastructure.csproj", "{62224AC9-F228-451C-AC0F-EC92448178E8}"
EndProject
Project("{FAE04EC0-301F-11D3-BF4B-00C04F79EFBC}") = "AccountService.Query.Api", "AccountService\Query\Api\AccountService.Query.Api.csproj", "{5A8E847C-0971-4B0B-BF9E-BAB094D98A85}"
EndProject
Project("{FAE04EC0-301F-11D3-BF4B-00C04F79EFBC}") = "AccountService.Query.Application", "AccountService\Query\Application\AccountService.Query.Application.csproj", "{B48094AE-032A-4101-8F20-E27062733805}"
EndProject
Project("{FAE04EC0-301F-11D3-BF4B-00C04F79EFBC}") = "AccountService.Query.Domain", "AccountService\Query\Domain\AccountService.Query.Domain.csproj", "{720CDA5B-C8A7-42B9-80F8-3E857F468151}"
EndProject
Project("{FAE04EC0-301F-11D3-BF4B-00C04F79EFBC}") = "AccountService.Query.Infrastructure", "AccountService\Query\Infrastructure\AccountService.Query.Infrastructure.csproj", "{E1997280-2110-4CA3-B469-804E79842DB3}"
EndProject
Project("{FAE04EC0-301F-11D3-BF4B-00C04F79EFBC}") = "EvolutionService.Command.Api", "EvolutionService\Command\Api\EvolutionService.Command.Api.csproj", "{03404FAD-74FC-447D-B11A-14E1D9DD1341}"
EndProject
Project("{FAE04EC0-301F-11D3-BF4B-00C04F79EFBC}") = "EvolutionService.Command.Application", "EvolutionService\Command\Application\EvolutionService.Command.Application.csproj", "{41F7ADAD-0836-4A02-8D7E-C9D4ECAF13B2}"
EndProject
Project("{FAE04EC0-301F-11D3-BF4B-00C04F79EFBC}") = "EvolutionService.Command.Domain", "EvolutionService\Command\Domain\EvolutionService.Command.Domain.csproj", "{C9689462-3DC3-40B1-8BE0-BA9DD0E91B32}"
EndProject
Project("{FAE04EC0-301F-11D3-BF4B-00C04F79EFBC}") = "EvolutionService.Command.Infrastructure", "EvolutionService\Command\Infrastructure\EvolutionService.Command.Infrastructure.csproj", "{00184779-090A-4C96-800E-2BA16FDD58E1}"
EndProject
Project("{FAE04EC0-301F-11D3-BF4B-00C04F79EFBC}") = "EvolutionService.Query.Api", "EvolutionService\Query\Api\EvolutionService.Query.Api.csproj", "{54730871-A8D0-4E98-9D77-00C9B3326E49}"
EndProject
Project("{FAE04EC0-301F-11D3-BF4B-00C04F79EFBC}") = "EvolutionService.Query.Application", "EvolutionService\Query\Application\EvolutionService.Query.Application.csproj", "{298EDEAB-A925-4400-9BC3-870BA7B63407}"
EndProject
Project("{FAE04EC0-301F-11D3-BF4B-00C04F79EFBC}") = "EvolutionService.Query.Domain", "EvolutionService\Query\Domain\EvolutionService.Query.Domain.csproj", "{128D64B1-7A01-4769-A49D-68AA722A96C1}"
EndProject
Project("{FAE04EC0-301F-11D3-BF4B-00C04F79EFBC}") = "EvolutionService.Query.Infrastructure", "EvolutionService\Query\Infrastructure\EvolutionService.Query.Infrastructure.csproj", "{81DCF98D-F820-40E5-BB9C-4CC823793134}"
EndProject
Project("{FAE04EC0-301F-11D3-BF4B-00C04F79EFBC}") = "ProfileService.Command.Api", "ProfileService\Command\Api\ProfileService.Command.Api.csproj", "{458826D9-BF52-42DB-9669-8DF48308F5D5}"
EndProject
Project("{FAE04EC0-301F-11D3-BF4B-00C04F79EFBC}") = "ProfileService.Command.Application", "ProfileService\Command\Application\ProfileService.Command.Application.csproj", "{0C57CD96-DC29-4F00-9C50-BBEF434A7A3F}"
EndProject
Project("{FAE04EC0-301F-11D3-BF4B-00C04F79EFBC}") = "ProfileService.Command.Domain", "ProfileService\Command\Domain\ProfileService.Command.Domain.csproj", "{0C0DFF2C-144B-43A2-86E6-2A6B8F50C93A}"
EndProject
Project("{FAE04EC0-301F-11D3-BF4B-00C04F79EFBC}") = "ProfileService.Command.Infrastructure", "ProfileService\Command\Infrastructure\ProfileService.Command.Infrastructure.csproj", "{1541F74A-861D-4694-85E3-4E146E3EAEAE}"
EndProject
Project("{FAE04EC0-301F-11D3-BF4B-00C04F79EFBC}") = "ProfileService.Query.Api", "ProfileService\Query\Api\ProfileService.Query.Api.csproj", "{0CEBAD6D-5F5C-4245-9736-0416937B53E7}"
EndProject
Project("{FAE04EC0-301F-11D3-BF4B-00C04F79EFBC}") = "ProfileService.Query.Application", "ProfileService\Query\Application\ProfileService.Query.Application.csproj", "{E15C7A3A-168C-487C-AC21-2B2E28AA6014}"
EndProject
Project("{FAE04EC0-301F-11D3-BF4B-00C04F79EFBC}") = "ProfileService.Query.Domain", "ProfileService\Query\Domain\ProfileService.Query.Domain.csproj", "{3DC499CF-C566-42BB-BDE8-78255F9D473B}"
EndProject
Project("{FAE04EC0-301F-11D3-BF4B-00C04F79EFBC}") = "ProfileService.Query.Infrastructure", "ProfileService\Query\Infrastructure\ProfileService.Query.Infrastructure.csproj", "{21863403-7D9D-4B3B-87AA-64810FFA864E}"
EndProject
Project("{2150E333-8FDC-42A3-9474-1A3956D46DE8}") = "Query", "Query", "{02EA681E-C7D8-13C7-8484-4AC65E1B71E8}"
EndProject
Project("{2150E333-8FDC-42A3-9474-1A3956D46DE8}") = "Query", "Query", "{6726FDAD-9526-49E8-90FD-684818FE2A39}"
EndProject
Project("{2150E333-8FDC-42A3-9474-1A3956D46DE8}") = "Query", "Query", "{BDC800B2-BD00-4D89-87FE-4D35BBE960C5}"
EndProject
Project("{FAE04EC0-301F-11D3-BF4B-00C04F79EFBC}") = "WorkForceHub.Gateway", "WorkForceHub.Gateway\WorkForceHub.Gateway.csproj", "{3345847F-1C53-4CCD-9292-C49B7FAC444C}"
EndProject
Project("{2150E333-8FDC-42A3-9474-1A3956D46DE8}") = "MediaService", "MediaService", "{440CBFEE-8A7C-C5C9-21A3-57FAD69DA255}"
EndProject
Project("{2150E333-8FDC-42A3-9474-1A3956D46DE8}") = "Api", "Api", "{0ABB0495-60A3-4134-EA18-68FF69A040D5}"
EndProject
Project("{FAE04EC0-301F-11D3-BF4B-00C04F79EFBC}") = "MediaService.Api", "MediaService\Api\MediaService.Api.csproj", "{002EF78C-BC4F-4CDA-BD97-BD5D8FC1D037}"
EndProject
Global
	GlobalSection(SolutionConfigurationPlatforms) = preSolution
		Debug|Any CPU = Debug|Any CPU
		Debug|x64 = Debug|x64
		Debug|x86 = Debug|x86
		Release|Any CPU = Release|Any CPU
		Release|x64 = Release|x64
		Release|x86 = Release|x86
	EndGlobalSection
	GlobalSection(ProjectConfigurationPlatforms) = postSolution
		{6CCE6DAF-32CD-43D8-B2CA-5AC35F481F55}.Debug|Any CPU.ActiveCfg = Debug|Any CPU
		{6CCE6DAF-32CD-43D8-B2CA-5AC35F481F55}.Debug|Any CPU.Build.0 = Debug|Any CPU
		{6CCE6DAF-32CD-43D8-B2CA-5AC35F481F55}.Debug|x64.ActiveCfg = Debug|Any CPU
		{6CCE6DAF-32CD-43D8-B2CA-5AC35F481F55}.Debug|x64.Build.0 = Debug|Any CPU
		{6CCE6DAF-32CD-43D8-B2CA-5AC35F481F55}.Debug|x86.ActiveCfg = Debug|Any CPU
		{6CCE6DAF-32CD-43D8-B2CA-5AC35F481F55}.Debug|x86.Build.0 = Debug|Any CPU
		{6CCE6DAF-32CD-43D8-B2CA-5AC35F481F55}.Release|Any CPU.ActiveCfg = Release|Any CPU
		{6CCE6DAF-32CD-43D8-B2CA-5AC35F481F55}.Release|Any CPU.Build.0 = Release|Any CPU
		{6CCE6DAF-32CD-43D8-B2CA-5AC35F481F55}.Release|x64.ActiveCfg = Release|Any CPU
		{6CCE6DAF-32CD-43D8-B2CA-5AC35F481F55}.Release|x64.Build.0 = Release|Any CPU
		{6CCE6DAF-32CD-43D8-B2CA-5AC35F481F55}.Release|x86.ActiveCfg = Release|Any CPU
		{6CCE6DAF-32CD-43D8-B2CA-5AC35F481F55}.Release|x86.Build.0 = Release|Any CPU
		{1CFB3F5F-9C0B-4308-8D62-3A62643038FB}.Debug|Any CPU.ActiveCfg = Debug|Any CPU
		{1CFB3F5F-9C0B-4308-8D62-3A62643038FB}.Debug|Any CPU.Build.0 = Debug|Any CPU
		{1CFB3F5F-9C0B-4308-8D62-3A62643038FB}.Debug|x64.ActiveCfg = Debug|Any CPU
		{1CFB3F5F-9C0B-4308-8D62-3A62643038FB}.Debug|x64.Build.0 = Debug|Any CPU
		{1CFB3F5F-9C0B-4308-8D62-3A62643038FB}.Debug|x86.ActiveCfg = Debug|Any CPU
		{1CFB3F5F-9C0B-4308-8D62-3A62643038FB}.Debug|x86.Build.0 = Debug|Any CPU
		{1CFB3F5F-9C0B-4308-8D62-3A62643038FB}.Release|Any CPU.ActiveCfg = Release|Any CPU
		{1CFB3F5F-9C0B-4308-8D62-3A62643038FB}.Release|Any CPU.Build.0 = Release|Any CPU
		{1CFB3F5F-9C0B-4308-8D62-3A62643038FB}.Release|x64.ActiveCfg = Release|Any CPU
		{1CFB3F5F-9C0B-4308-8D62-3A62643038FB}.Release|x64.Build.0 = Release|Any CPU
		{1CFB3F5F-9C0B-4308-8D62-3A62643038FB}.Release|x86.ActiveCfg = Release|Any CPU
		{1CFB3F5F-9C0B-4308-8D62-3A62643038FB}.Release|x86.Build.0 = Release|Any CPU
		{97D3C2C7-940D-4DD9-9495-A76E4C15370B}.Debug|Any CPU.ActiveCfg = Debug|Any CPU
		{97D3C2C7-940D-4DD9-9495-A76E4C15370B}.Debug|Any CPU.Build.0 = Debug|Any CPU
		{97D3C2C7-940D-4DD9-9495-A76E4C15370B}.Debug|x64.ActiveCfg = Debug|Any CPU
		{97D3C2C7-940D-4DD9-9495-A76E4C15370B}.Debug|x64.Build.0 = Debug|Any CPU
		{97D3C2C7-940D-4DD9-9495-A76E4C15370B}.Debug|x86.ActiveCfg = Debug|Any CPU
		{97D3C2C7-940D-4DD9-9495-A76E4C15370B}.Debug|x86.Build.0 = Debug|Any CPU
		{97D3C2C7-940D-4DD9-9495-A76E4C15370B}.Release|Any CPU.ActiveCfg = Release|Any CPU
		{97D3C2C7-940D-4DD9-9495-A76E4C15370B}.Release|Any CPU.Build.0 = Release|Any CPU
		{97D3C2C7-940D-4DD9-9495-A76E4C15370B}.Release|x64.ActiveCfg = Release|Any CPU
		{97D3C2C7-940D-4DD9-9495-A76E4C15370B}.Release|x64.Build.0 = Release|Any CPU
		{97D3C2C7-940D-4DD9-9495-A76E4C15370B}.Release|x86.ActiveCfg = Release|Any CPU
		{97D3C2C7-940D-4DD9-9495-A76E4C15370B}.Release|x86.Build.0 = Release|Any CPU
		{AB03F2DC-1B0F-4662-9CF9-7F9EB836E96B}.Debug|Any CPU.ActiveCfg = Debug|Any CPU
		{AB03F2DC-1B0F-4662-9CF9-7F9EB836E96B}.Debug|Any CPU.Build.0 = Debug|Any CPU
		{AB03F2DC-1B0F-4662-9CF9-7F9EB836E96B}.Debug|x64.ActiveCfg = Debug|Any CPU
		{AB03F2DC-1B0F-4662-9CF9-7F9EB836E96B}.Debug|x64.Build.0 = Debug|Any CPU
		{AB03F2DC-1B0F-4662-9CF9-7F9EB836E96B}.Debug|x86.ActiveCfg = Debug|Any CPU
		{AB03F2DC-1B0F-4662-9CF9-7F9EB836E96B}.Debug|x86.Build.0 = Debug|Any CPU
		{AB03F2DC-1B0F-4662-9CF9-7F9EB836E96B}.Release|Any CPU.ActiveCfg = Release|Any CPU
		{AB03F2DC-1B0F-4662-9CF9-7F9EB836E96B}.Release|Any CPU.Build.0 = Release|Any CPU
		{AB03F2DC-1B0F-4662-9CF9-7F9EB836E96B}.Release|x64.ActiveCfg = Release|Any CPU
		{AB03F2DC-1B0F-4662-9CF9-7F9EB836E96B}.Release|x64.Build.0 = Release|Any CPU
		{AB03F2DC-1B0F-4662-9CF9-7F9EB836E96B}.Release|x86.ActiveCfg = Release|Any CPU
		{AB03F2DC-1B0F-4662-9CF9-7F9EB836E96B}.Release|x86.Build.0 = Release|Any CPU
		{22F6FA59-BD00-48ED-9C66-EEB20ADA1733}.Debug|Any CPU.ActiveCfg = Debug|Any CPU
		{22F6FA59-BD00-48ED-9C66-EEB20ADA1733}.Debug|Any CPU.Build.0 = Debug|Any CPU
		{22F6FA59-BD00-48ED-9C66-EEB20ADA1733}.Debug|x64.ActiveCfg = Debug|Any CPU
		{22F6FA59-BD00-48ED-9C66-EEB20ADA1733}.Debug|x64.Build.0 = Debug|Any CPU
		{22F6FA59-BD00-48ED-9C66-EEB20ADA1733}.Debug|x86.ActiveCfg = Debug|Any CPU
		{22F6FA59-BD00-48ED-9C66-EEB20ADA1733}.Debug|x86.Build.0 = Debug|Any CPU
		{22F6FA59-BD00-48ED-9C66-EEB20ADA1733}.Release|Any CPU.ActiveCfg = Release|Any CPU
		{22F6FA59-BD00-48ED-9C66-EEB20ADA1733}.Release|Any CPU.Build.0 = Release|Any CPU
		{22F6FA59-BD00-48ED-9C66-EEB20ADA1733}.Release|x64.ActiveCfg = Release|Any CPU
		{22F6FA59-BD00-48ED-9C66-EEB20ADA1733}.Release|x64.Build.0 = Release|Any CPU
		{22F6FA59-BD00-48ED-9C66-EEB20ADA1733}.Release|x86.ActiveCfg = Release|Any CPU
		{22F6FA59-BD00-48ED-9C66-EEB20ADA1733}.Release|x86.Build.0 = Release|Any CPU
		{E6A0F922-E704-480A-A6E7-D609B94BF011}.Debug|Any CPU.ActiveCfg = Debug|Any CPU
		{E6A0F922-E704-480A-A6E7-D609B94BF011}.Debug|Any CPU.Build.0 = Debug|Any CPU
		{E6A0F922-E704-480A-A6E7-D609B94BF011}.Debug|x64.ActiveCfg = Debug|Any CPU
		{E6A0F922-E704-480A-A6E7-D609B94BF011}.Debug|x64.Build.0 = Debug|Any CPU
		{E6A0F922-E704-480A-A6E7-D609B94BF011}.Debug|x86.ActiveCfg = Debug|Any CPU
		{E6A0F922-E704-480A-A6E7-D609B94BF011}.Debug|x86.Build.0 = Debug|Any CPU
		{E6A0F922-E704-480A-A6E7-D609B94BF011}.Release|Any CPU.ActiveCfg = Release|Any CPU
		{E6A0F922-E704-480A-A6E7-D609B94BF011}.Release|Any CPU.Build.0 = Release|Any CPU
		{E6A0F922-E704-480A-A6E7-D609B94BF011}.Release|x64.ActiveCfg = Release|Any CPU
		{E6A0F922-E704-480A-A6E7-D609B94BF011}.Release|x64.Build.0 = Release|Any CPU
		{E6A0F922-E704-480A-A6E7-D609B94BF011}.Release|x86.ActiveCfg = Release|Any CPU
		{E6A0F922-E704-480A-A6E7-D609B94BF011}.Release|x86.Build.0 = Release|Any CPU
		{53F009C4-9F51-4018-8285-602EE34EE34B}.Debug|Any CPU.ActiveCfg = Debug|Any CPU
		{53F009C4-9F51-4018-8285-602EE34EE34B}.Debug|Any CPU.Build.0 = Debug|Any CPU
		{53F009C4-9F51-4018-8285-602EE34EE34B}.Debug|x64.ActiveCfg = Debug|Any CPU
		{53F009C4-9F51-4018-8285-602EE34EE34B}.Debug|x64.Build.0 = Debug|Any CPU
		{53F009C4-9F51-4018-8285-602EE34EE34B}.Debug|x86.ActiveCfg = Debug|Any CPU
		{53F009C4-9F51-4018-8285-602EE34EE34B}.Debug|x86.Build.0 = Debug|Any CPU
		{53F009C4-9F51-4018-8285-602EE34EE34B}.Release|Any CPU.ActiveCfg = Release|Any CPU
		{53F009C4-9F51-4018-8285-602EE34EE34B}.Release|Any CPU.Build.0 = Release|Any CPU
		{53F009C4-9F51-4018-8285-602EE34EE34B}.Release|x64.ActiveCfg = Release|Any CPU
		{53F009C4-9F51-4018-8285-602EE34EE34B}.Release|x64.Build.0 = Release|Any CPU
		{53F009C4-9F51-4018-8285-602EE34EE34B}.Release|x86.ActiveCfg = Release|Any CPU
		{53F009C4-9F51-4018-8285-602EE34EE34B}.Release|x86.Build.0 = Release|Any CPU
		{7A3B93C9-A9F8-437A-B3AC-B20F793345A6}.Debug|Any CPU.ActiveCfg = Debug|Any CPU
		{7A3B93C9-A9F8-437A-B3AC-B20F793345A6}.Debug|Any CPU.Build.0 = Debug|Any CPU
		{7A3B93C9-A9F8-437A-B3AC-B20F793345A6}.Debug|x64.ActiveCfg = Debug|Any CPU
		{7A3B93C9-A9F8-437A-B3AC-B20F793345A6}.Debug|x64.Build.0 = Debug|Any CPU
		{7A3B93C9-A9F8-437A-B3AC-B20F793345A6}.Debug|x86.ActiveCfg = Debug|Any CPU
		{7A3B93C9-A9F8-437A-B3AC-B20F793345A6}.Debug|x86.Build.0 = Debug|Any CPU
		{7A3B93C9-A9F8-437A-B3AC-B20F793345A6}.Release|Any CPU.ActiveCfg = Release|Any CPU
		{7A3B93C9-A9F8-437A-B3AC-B20F793345A6}.Release|Any CPU.Build.0 = Release|Any CPU
		{7A3B93C9-A9F8-437A-B3AC-B20F793345A6}.Release|x64.ActiveCfg = Release|Any CPU
		{7A3B93C9-A9F8-437A-B3AC-B20F793345A6}.Release|x64.Build.0 = Release|Any CPU
		{7A3B93C9-A9F8-437A-B3AC-B20F793345A6}.Release|x86.ActiveCfg = Release|Any CPU
		{7A3B93C9-A9F8-437A-B3AC-B20F793345A6}.Release|x86.Build.0 = Release|Any CPU
		{158DCD1A-EF07-49A7-98D3-DB1F6754EA75}.Debug|Any CPU.ActiveCfg = Debug|Any CPU
		{158DCD1A-EF07-49A7-98D3-DB1F6754EA75}.Debug|Any CPU.Build.0 = Debug|Any CPU
		{158DCD1A-EF07-49A7-98D3-DB1F6754EA75}.Debug|x64.ActiveCfg = Debug|Any CPU
		{158DCD1A-EF07-49A7-98D3-DB1F6754EA75}.Debug|x64.Build.0 = Debug|Any CPU
		{158DCD1A-EF07-49A7-98D3-DB1F6754EA75}.Debug|x86.ActiveCfg = Debug|Any CPU
		{158DCD1A-EF07-49A7-98D3-DB1F6754EA75}.Debug|x86.Build.0 = Debug|Any CPU
		{158DCD1A-EF07-49A7-98D3-DB1F6754EA75}.Release|Any CPU.ActiveCfg = Release|Any CPU
		{158DCD1A-EF07-49A7-98D3-DB1F6754EA75}.Release|Any CPU.Build.0 = Release|Any CPU
		{158DCD1A-EF07-49A7-98D3-DB1F6754EA75}.Release|x64.ActiveCfg = Release|Any CPU
		{158DCD1A-EF07-49A7-98D3-DB1F6754EA75}.Release|x64.Build.0 = Release|Any CPU
		{158DCD1A-EF07-49A7-98D3-DB1F6754EA75}.Release|x86.ActiveCfg = Release|Any CPU
		{158DCD1A-EF07-49A7-98D3-DB1F6754EA75}.Release|x86.Build.0 = Release|Any CPU
		{35EFC0CD-FF8F-4A3B-9FBB-73D2A0FEC1DB}.Debug|Any CPU.ActiveCfg = Debug|Any CPU
		{35EFC0CD-FF8F-4A3B-9FBB-73D2A0FEC1DB}.Debug|Any CPU.Build.0 = Debug|Any CPU
		{35EFC0CD-FF8F-4A3B-9FBB-73D2A0FEC1DB}.Debug|x64.ActiveCfg = Debug|Any CPU
		{35EFC0CD-FF8F-4A3B-9FBB-73D2A0FEC1DB}.Debug|x64.Build.0 = Debug|Any CPU
		{35EFC0CD-FF8F-4A3B-9FBB-73D2A0FEC1DB}.Debug|x86.ActiveCfg = Debug|Any CPU
		{35EFC0CD-FF8F-4A3B-9FBB-73D2A0FEC1DB}.Debug|x86.Build.0 = Debug|Any CPU
		{35EFC0CD-FF8F-4A3B-9FBB-73D2A0FEC1DB}.Release|Any CPU.ActiveCfg = Release|Any CPU
		{35EFC0CD-FF8F-4A3B-9FBB-73D2A0FEC1DB}.Release|Any CPU.Build.0 = Release|Any CPU
		{35EFC0CD-FF8F-4A3B-9FBB-73D2A0FEC1DB}.Release|x64.ActiveCfg = Release|Any CPU
		{35EFC0CD-FF8F-4A3B-9FBB-73D2A0FEC1DB}.Release|x64.Build.0 = Release|Any CPU
		{35EFC0CD-FF8F-4A3B-9FBB-73D2A0FEC1DB}.Release|x86.ActiveCfg = Release|Any CPU
		{35EFC0CD-FF8F-4A3B-9FBB-73D2A0FEC1DB}.Release|x86.Build.0 = Release|Any CPU
		{C6130DB6-F536-46BD-8D29-42420E4076A2}.Debug|Any CPU.ActiveCfg = Debug|Any CPU
		{C6130DB6-F536-46BD-8D29-42420E4076A2}.Debug|Any CPU.Build.0 = Debug|Any CPU
		{C6130DB6-F536-46BD-8D29-42420E4076A2}.Debug|x64.ActiveCfg = Debug|Any CPU
		{C6130DB6-F536-46BD-8D29-42420E4076A2}.Debug|x64.Build.0 = Debug|Any CPU
		{C6130DB6-F536-46BD-8D29-42420E4076A2}.Debug|x86.ActiveCfg = Debug|Any CPU
		{C6130DB6-F536-46BD-8D29-42420E4076A2}.Debug|x86.Build.0 = Debug|Any CPU
		{C6130DB6-F536-46BD-8D29-42420E4076A2}.Release|Any CPU.ActiveCfg = Release|Any CPU
		{C6130DB6-F536-46BD-8D29-42420E4076A2}.Release|Any CPU.Build.0 = Release|Any CPU
		{C6130DB6-F536-46BD-8D29-42420E4076A2}.Release|x64.ActiveCfg = Release|Any CPU
		{C6130DB6-F536-46BD-8D29-42420E4076A2}.Release|x64.Build.0 = Release|Any CPU
		{C6130DB6-F536-46BD-8D29-42420E4076A2}.Release|x86.ActiveCfg = Release|Any CPU
		{C6130DB6-F536-46BD-8D29-42420E4076A2}.Release|x86.Build.0 = Release|Any CPU
		{97C117B1-051E-47D9-AEC2-74C759A2BCB7}.Debug|Any CPU.ActiveCfg = Debug|Any CPU
		{97C117B1-051E-47D9-AEC2-74C759A2BCB7}.Debug|Any CPU.Build.0 = Debug|Any CPU
		{97C117B1-051E-47D9-AEC2-74C759A2BCB7}.Debug|x64.ActiveCfg = Debug|Any CPU
		{97C117B1-051E-47D9-AEC2-74C759A2BCB7}.Debug|x64.Build.0 = Debug|Any CPU
		{97C117B1-051E-47D9-AEC2-74C759A2BCB7}.Debug|x86.ActiveCfg = Debug|Any CPU
		{97C117B1-051E-47D9-AEC2-74C759A2BCB7}.Debug|x86.Build.0 = Debug|Any CPU
		{97C117B1-051E-47D9-AEC2-74C759A2BCB7}.Release|Any CPU.ActiveCfg = Release|Any CPU
		{97C117B1-051E-47D9-AEC2-74C759A2BCB7}.Release|Any CPU.Build.0 = Release|Any CPU
		{97C117B1-051E-47D9-AEC2-74C759A2BCB7}.Release|x64.ActiveCfg = Release|Any CPU
		{97C117B1-051E-47D9-AEC2-74C759A2BCB7}.Release|x64.Build.0 = Release|Any CPU
		{97C117B1-051E-47D9-AEC2-74C759A2BCB7}.Release|x86.ActiveCfg = Release|Any CPU
		{97C117B1-051E-47D9-AEC2-74C759A2BCB7}.Release|x86.Build.0 = Release|Any CPU
		{62224AC9-F228-451C-AC0F-EC92448178E8}.Debug|Any CPU.ActiveCfg = Debug|Any CPU
		{62224AC9-F228-451C-AC0F-EC92448178E8}.Debug|Any CPU.Build.0 = Debug|Any CPU
		{62224AC9-F228-451C-AC0F-EC92448178E8}.Debug|x64.ActiveCfg = Debug|Any CPU
		{62224AC9-F228-451C-AC0F-EC92448178E8}.Debug|x64.Build.0 = Debug|Any CPU
		{62224AC9-F228-451C-AC0F-EC92448178E8}.Debug|x86.ActiveCfg = Debug|Any CPU
		{62224AC9-F228-451C-AC0F-EC92448178E8}.Debug|x86.Build.0 = Debug|Any CPU
		{62224AC9-F228-451C-AC0F-EC92448178E8}.Release|Any CPU.ActiveCfg = Release|Any CPU
		{62224AC9-F228-451C-AC0F-EC92448178E8}.Release|Any CPU.Build.0 = Release|Any CPU
		{62224AC9-F228-451C-AC0F-EC92448178E8}.Release|x64.ActiveCfg = Release|Any CPU
		{62224AC9-F228-451C-AC0F-EC92448178E8}.Release|x64.Build.0 = Release|Any CPU
		{62224AC9-F228-451C-AC0F-EC92448178E8}.Release|x86.ActiveCfg = Release|Any CPU
		{62224AC9-F228-451C-AC0F-EC92448178E8}.Release|x86.Build.0 = Release|Any CPU
		{5A8E847C-0971-4B0B-BF9E-BAB094D98A85}.Debug|Any CPU.ActiveCfg = Debug|Any CPU
		{5A8E847C-0971-4B0B-BF9E-BAB094D98A85}.Debug|Any CPU.Build.0 = Debug|Any CPU
		{5A8E847C-0971-4B0B-BF9E-BAB094D98A85}.Debug|x64.ActiveCfg = Debug|Any CPU
		{5A8E847C-0971-4B0B-BF9E-BAB094D98A85}.Debug|x64.Build.0 = Debug|Any CPU
		{5A8E847C-0971-4B0B-BF9E-BAB094D98A85}.Debug|x86.ActiveCfg = Debug|Any CPU
		{5A8E847C-0971-4B0B-BF9E-BAB094D98A85}.Debug|x86.Build.0 = Debug|Any CPU
		{5A8E847C-0971-4B0B-BF9E-BAB094D98A85}.Release|Any CPU.ActiveCfg = Release|Any CPU
		{5A8E847C-0971-4B0B-BF9E-BAB094D98A85}.Release|Any CPU.Build.0 = Release|Any CPU
		{5A8E847C-0971-4B0B-BF9E-BAB094D98A85}.Release|x64.ActiveCfg = Release|Any CPU
		{5A8E847C-0971-4B0B-BF9E-BAB094D98A85}.Release|x64.Build.0 = Release|Any CPU
		{5A8E847C-0971-4B0B-BF9E-BAB094D98A85}.Release|x86.ActiveCfg = Release|Any CPU
		{5A8E847C-0971-4B0B-BF9E-BAB094D98A85}.Release|x86.Build.0 = Release|Any CPU
		{B48094AE-032A-4101-8F20-E27062733805}.Debug|Any CPU.ActiveCfg = Debug|Any CPU
		{B48094AE-032A-4101-8F20-E27062733805}.Debug|Any CPU.Build.0 = Debug|Any CPU
		{B48094AE-032A-4101-8F20-E27062733805}.Debug|x64.ActiveCfg = Debug|Any CPU
		{B48094AE-032A-4101-8F20-E27062733805}.Debug|x64.Build.0 = Debug|Any CPU
		{B48094AE-032A-4101-8F20-E27062733805}.Debug|x86.ActiveCfg = Debug|Any CPU
		{B48094AE-032A-4101-8F20-E27062733805}.Debug|x86.Build.0 = Debug|Any CPU
		{B48094AE-032A-4101-8F20-E27062733805}.Release|Any CPU.ActiveCfg = Release|Any CPU
		{B48094AE-032A-4101-8F20-E27062733805}.Release|Any CPU.Build.0 = Release|Any CPU
		{B48094AE-032A-4101-8F20-E27062733805}.Release|x64.ActiveCfg = Release|Any CPU
		{B48094AE-032A-4101-8F20-E27062733805}.Release|x64.Build.0 = Release|Any CPU
		{B48094AE-032A-4101-8F20-E27062733805}.Release|x86.ActiveCfg = Release|Any CPU
		{B48094AE-032A-4101-8F20-E27062733805}.Release|x86.Build.0 = Release|Any CPU
		{720CDA5B-C8A7-42B9-80F8-3E857F468151}.Debug|Any CPU.ActiveCfg = Debug|Any CPU
		{720CDA5B-C8A7-42B9-80F8-3E857F468151}.Debug|Any CPU.Build.0 = Debug|Any CPU
		{720CDA5B-C8A7-42B9-80F8-3E857F468151}.Debug|x64.ActiveCfg = Debug|Any CPU
		{720CDA5B-C8A7-42B9-80F8-3E857F468151}.Debug|x64.Build.0 = Debug|Any CPU
		{720CDA5B-C8A7-42B9-80F8-3E857F468151}.Debug|x86.ActiveCfg = Debug|Any CPU
		{720CDA5B-C8A7-42B9-80F8-3E857F468151}.Debug|x86.Build.0 = Debug|Any CPU
		{720CDA5B-C8A7-42B9-80F8-3E857F468151}.Release|Any CPU.ActiveCfg = Release|Any CPU
		{720CDA5B-C8A7-42B9-80F8-3E857F468151}.Release|Any CPU.Build.0 = Release|Any CPU
		{720CDA5B-C8A7-42B9-80F8-3E857F468151}.Release|x64.ActiveCfg = Release|Any CPU
		{720CDA5B-C8A7-42B9-80F8-3E857F468151}.Release|x64.Build.0 = Release|Any CPU
		{720CDA5B-C8A7-42B9-80F8-3E857F468151}.Release|x86.ActiveCfg = Release|Any CPU
		{720CDA5B-C8A7-42B9-80F8-3E857F468151}.Release|x86.Build.0 = Release|Any CPU
		{E1997280-2110-4CA3-B469-804E79842DB3}.Debug|Any CPU.ActiveCfg = Debug|Any CPU
		{E1997280-2110-4CA3-B469-804E79842DB3}.Debug|Any CPU.Build.0 = Debug|Any CPU
		{E1997280-2110-4CA3-B469-804E79842DB3}.Debug|x64.ActiveCfg = Debug|Any CPU
		{E1997280-2110-4CA3-B469-804E79842DB3}.Debug|x64.Build.0 = Debug|Any CPU
		{E1997280-2110-4CA3-B469-804E79842DB3}.Debug|x86.ActiveCfg = Debug|Any CPU
		{E1997280-2110-4CA3-B469-804E79842DB3}.Debug|x86.Build.0 = Debug|Any CPU
		{E1997280-2110-4CA3-B469-804E79842DB3}.Release|Any CPU.ActiveCfg = Release|Any CPU
		{E1997280-2110-4CA3-B469-804E79842DB3}.Release|Any CPU.Build.0 = Release|Any CPU
		{E1997280-2110-4CA3-B469-804E79842DB3}.Release|x64.ActiveCfg = Release|Any CPU
		{E1997280-2110-4CA3-B469-804E79842DB3}.Release|x64.Build.0 = Release|Any CPU
		{E1997280-2110-4CA3-B469-804E79842DB3}.Release|x86.ActiveCfg = Release|Any CPU
		{E1997280-2110-4CA3-B469-804E79842DB3}.Release|x86.Build.0 = Release|Any CPU
		{03404FAD-74FC-447D-B11A-14E1D9DD1341}.Debug|Any CPU.ActiveCfg = Debug|Any CPU
		{03404FAD-74FC-447D-B11A-14E1D9DD1341}.Debug|Any CPU.Build.0 = Debug|Any CPU
		{03404FAD-74FC-447D-B11A-14E1D9DD1341}.Debug|x64.ActiveCfg = Debug|Any CPU
		{03404FAD-74FC-447D-B11A-14E1D9DD1341}.Debug|x64.Build.0 = Debug|Any CPU
		{03404FAD-74FC-447D-B11A-14E1D9DD1341}.Debug|x86.ActiveCfg = Debug|Any CPU
		{03404FAD-74FC-447D-B11A-14E1D9DD1341}.Debug|x86.Build.0 = Debug|Any CPU
		{03404FAD-74FC-447D-B11A-14E1D9DD1341}.Release|Any CPU.ActiveCfg = Release|Any CPU
		{03404FAD-74FC-447D-B11A-14E1D9DD1341}.Release|Any CPU.Build.0 = Release|Any CPU
		{03404FAD-74FC-447D-B11A-14E1D9DD1341}.Release|x64.ActiveCfg = Release|Any CPU
		{03404FAD-74FC-447D-B11A-14E1D9DD1341}.Release|x64.Build.0 = Release|Any CPU
		{03404FAD-74FC-447D-B11A-14E1D9DD1341}.Release|x86.ActiveCfg = Release|Any CPU
		{03404FAD-74FC-447D-B11A-14E1D9DD1341}.Release|x86.Build.0 = Release|Any CPU
		{41F7ADAD-0836-4A02-8D7E-C9D4ECAF13B2}.Debug|Any CPU.ActiveCfg = Debug|Any CPU
		{41F7ADAD-0836-4A02-8D7E-C9D4ECAF13B2}.Debug|Any CPU.Build.0 = Debug|Any CPU
		{41F7ADAD-0836-4A02-8D7E-C9D4ECAF13B2}.Debug|x64.ActiveCfg = Debug|Any CPU
		{41F7ADAD-0836-4A02-8D7E-C9D4ECAF13B2}.Debug|x64.Build.0 = Debug|Any CPU
		{41F7ADAD-0836-4A02-8D7E-C9D4ECAF13B2}.Debug|x86.ActiveCfg = Debug|Any CPU
		{41F7ADAD-0836-4A02-8D7E-C9D4ECAF13B2}.Debug|x86.Build.0 = Debug|Any CPU
		{41F7ADAD-0836-4A02-8D7E-C9D4ECAF13B2}.Release|Any CPU.ActiveCfg = Release|Any CPU
		{41F7ADAD-0836-4A02-8D7E-C9D4ECAF13B2}.Release|Any CPU.Build.0 = Release|Any CPU
		{41F7ADAD-0836-4A02-8D7E-C9D4ECAF13B2}.Release|x64.ActiveCfg = Release|Any CPU
		{41F7ADAD-0836-4A02-8D7E-C9D4ECAF13B2}.Release|x64.Build.0 = Release|Any CPU
		{41F7ADAD-0836-4A02-8D7E-C9D4ECAF13B2}.Release|x86.ActiveCfg = Release|Any CPU
		{41F7ADAD-0836-4A02-8D7E-C9D4ECAF13B2}.Release|x86.Build.0 = Release|Any CPU
		{C9689462-3DC3-40B1-8BE0-BA9DD0E91B32}.Debug|Any CPU.ActiveCfg = Debug|Any CPU
		{C9689462-3DC3-40B1-8BE0-BA9DD0E91B32}.Debug|Any CPU.Build.0 = Debug|Any CPU
		{C9689462-3DC3-40B1-8BE0-BA9DD0E91B32}.Debug|x64.ActiveCfg = Debug|Any CPU
		{C9689462-3DC3-40B1-8BE0-BA9DD0E91B32}.Debug|x64.Build.0 = Debug|Any CPU
		{C9689462-3DC3-40B1-8BE0-BA9DD0E91B32}.Debug|x86.ActiveCfg = Debug|Any CPU
		{C9689462-3DC3-40B1-8BE0-BA9DD0E91B32}.Debug|x86.Build.0 = Debug|Any CPU
		{C9689462-3DC3-40B1-8BE0-BA9DD0E91B32}.Release|Any CPU.ActiveCfg = Release|Any CPU
		{C9689462-3DC3-40B1-8BE0-BA9DD0E91B32}.Release|Any CPU.Build.0 = Release|Any CPU
		{C9689462-3DC3-40B1-8BE0-BA9DD0E91B32}.Release|x64.ActiveCfg = Release|Any CPU
		{C9689462-3DC3-40B1-8BE0-BA9DD0E91B32}.Release|x64.Build.0 = Release|Any CPU
		{C9689462-3DC3-40B1-8BE0-BA9DD0E91B32}.Release|x86.ActiveCfg = Release|Any CPU
		{C9689462-3DC3-40B1-8BE0-BA9DD0E91B32}.Release|x86.Build.0 = Release|Any CPU
		{00184779-090A-4C96-800E-2BA16FDD58E1}.Debug|Any CPU.ActiveCfg = Debug|Any CPU
		{00184779-090A-4C96-800E-2BA16FDD58E1}.Debug|Any CPU.Build.0 = Debug|Any CPU
		{00184779-090A-4C96-800E-2BA16FDD58E1}.Debug|x64.ActiveCfg = Debug|Any CPU
		{00184779-090A-4C96-800E-2BA16FDD58E1}.Debug|x64.Build.0 = Debug|Any CPU
		{00184779-090A-4C96-800E-2BA16FDD58E1}.Debug|x86.ActiveCfg = Debug|Any CPU
		{00184779-090A-4C96-800E-2BA16FDD58E1}.Debug|x86.Build.0 = Debug|Any CPU
		{00184779-090A-4C96-800E-2BA16FDD58E1}.Release|Any CPU.ActiveCfg = Release|Any CPU
		{00184779-090A-4C96-800E-2BA16FDD58E1}.Release|Any CPU.Build.0 = Release|Any CPU
		{00184779-090A-4C96-800E-2BA16FDD58E1}.Release|x64.ActiveCfg = Release|Any CPU
		{00184779-090A-4C96-800E-2BA16FDD58E1}.Release|x64.Build.0 = Release|Any CPU
		{00184779-090A-4C96-800E-2BA16FDD58E1}.Release|x86.ActiveCfg = Release|Any CPU
		{00184779-090A-4C96-800E-2BA16FDD58E1}.Release|x86.Build.0 = Release|Any CPU
		{54730871-A8D0-4E98-9D77-00C9B3326E49}.Debug|Any CPU.ActiveCfg = Debug|Any CPU
		{54730871-A8D0-4E98-9D77-00C9B3326E49}.Debug|Any CPU.Build.0 = Debug|Any CPU
		{54730871-A8D0-4E98-9D77-00C9B3326E49}.Debug|x64.ActiveCfg = Debug|Any CPU
		{54730871-A8D0-4E98-9D77-00C9B3326E49}.Debug|x64.Build.0 = Debug|Any CPU
		{54730871-A8D0-4E98-9D77-00C9B3326E49}.Debug|x86.ActiveCfg = Debug|Any CPU
		{54730871-A8D0-4E98-9D77-00C9B3326E49}.Debug|x86.Build.0 = Debug|Any CPU
		{54730871-A8D0-4E98-9D77-00C9B3326E49}.Release|Any CPU.ActiveCfg = Release|Any CPU
		{54730871-A8D0-4E98-9D77-00C9B3326E49}.Release|Any CPU.Build.0 = Release|Any CPU
		{54730871-A8D0-4E98-9D77-00C9B3326E49}.Release|x64.ActiveCfg = Release|Any CPU
		{54730871-A8D0-4E98-9D77-00C9B3326E49}.Release|x64.Build.0 = Release|Any CPU
		{54730871-A8D0-4E98-9D77-00C9B3326E49}.Release|x86.ActiveCfg = Release|Any CPU
		{54730871-A8D0-4E98-9D77-00C9B3326E49}.Release|x86.Build.0 = Release|Any CPU
		{298EDEAB-A925-4400-9BC3-870BA7B63407}.Debug|Any CPU.ActiveCfg = Debug|Any CPU
		{298EDEAB-A925-4400-9BC3-870BA7B63407}.Debug|Any CPU.Build.0 = Debug|Any CPU
		{298EDEAB-A925-4400-9BC3-870BA7B63407}.Debug|x64.ActiveCfg = Debug|Any CPU
		{298EDEAB-A925-4400-9BC3-870BA7B63407}.Debug|x64.Build.0 = Debug|Any CPU
		{298EDEAB-A925-4400-9BC3-870BA7B63407}.Debug|x86.ActiveCfg = Debug|Any CPU
		{298EDEAB-A925-4400-9BC3-870BA7B63407}.Debug|x86.Build.0 = Debug|Any CPU
		{298EDEAB-A925-4400-9BC3-870BA7B63407}.Release|Any CPU.ActiveCfg = Release|Any CPU
		{298EDEAB-A925-4400-9BC3-870BA7B63407}.Release|Any CPU.Build.0 = Release|Any CPU
		{298EDEAB-A925-4400-9BC3-870BA7B63407}.Release|x64.ActiveCfg = Release|Any CPU
		{298EDEAB-A925-4400-9BC3-870BA7B63407}.Release|x64.Build.0 = Release|Any CPU
		{298EDEAB-A925-4400-9BC3-870BA7B63407}.Release|x86.ActiveCfg = Release|Any CPU
		{298EDEAB-A925-4400-9BC3-870BA7B63407}.Release|x86.Build.0 = Release|Any CPU
		{128D64B1-7A01-4769-A49D-68AA722A96C1}.Debug|Any CPU.ActiveCfg = Debug|Any CPU
		{128D64B1-7A01-4769-A49D-68AA722A96C1}.Debug|Any CPU.Build.0 = Debug|Any CPU
		{128D64B1-7A01-4769-A49D-68AA722A96C1}.Debug|x64.ActiveCfg = Debug|Any CPU
		{128D64B1-7A01-4769-A49D-68AA722A96C1}.Debug|x64.Build.0 = Debug|Any CPU
		{128D64B1-7A01-4769-A49D-68AA722A96C1}.Debug|x86.ActiveCfg = Debug|Any CPU
		{128D64B1-7A01-4769-A49D-68AA722A96C1}.Debug|x86.Build.0 = Debug|Any CPU
		{128D64B1-7A01-4769-A49D-68AA722A96C1}.Release|Any CPU.ActiveCfg = Release|Any CPU
		{128D64B1-7A01-4769-A49D-68AA722A96C1}.Release|Any CPU.Build.0 = Release|Any CPU
		{128D64B1-7A01-4769-A49D-68AA722A96C1}.Release|x64.ActiveCfg = Release|Any CPU
		{128D64B1-7A01-4769-A49D-68AA722A96C1}.Release|x64.Build.0 = Release|Any CPU
		{128D64B1-7A01-4769-A49D-68AA722A96C1}.Release|x86.ActiveCfg = Release|Any CPU
		{128D64B1-7A01-4769-A49D-68AA722A96C1}.Release|x86.Build.0 = Release|Any CPU
		{81DCF98D-F820-40E5-BB9C-4CC823793134}.Debug|Any CPU.ActiveCfg = Debug|Any CPU
		{81DCF98D-F820-40E5-BB9C-4CC823793134}.Debug|Any CPU.Build.0 = Debug|Any CPU
		{81DCF98D-F820-40E5-BB9C-4CC823793134}.Debug|x64.ActiveCfg = Debug|Any CPU
		{81DCF98D-F820-40E5-BB9C-4CC823793134}.Debug|x64.Build.0 = Debug|Any CPU
		{81DCF98D-F820-40E5-BB9C-4CC823793134}.Debug|x86.ActiveCfg = Debug|Any CPU
		{81DCF98D-F820-40E5-BB9C-4CC823793134}.Debug|x86.Build.0 = Debug|Any CPU
		{81DCF98D-F820-40E5-BB9C-4CC823793134}.Release|Any CPU.ActiveCfg = Release|Any CPU
		{81DCF98D-F820-40E5-BB9C-4CC823793134}.Release|Any CPU.Build.0 = Release|Any CPU
		{81DCF98D-F820-40E5-BB9C-4CC823793134}.Release|x64.ActiveCfg = Release|Any CPU
		{81DCF98D-F820-40E5-BB9C-4CC823793134}.Release|x64.Build.0 = Release|Any CPU
		{81DCF98D-F820-40E5-BB9C-4CC823793134}.Release|x86.ActiveCfg = Release|Any CPU
		{81DCF98D-F820-40E5-BB9C-4CC823793134}.Release|x86.Build.0 = Release|Any CPU
		{458826D9-BF52-42DB-9669-8DF48308F5D5}.Debug|Any CPU.ActiveCfg = Debug|Any CPU
		{458826D9-BF52-42DB-9669-8DF48308F5D5}.Debug|Any CPU.Build.0 = Debug|Any CPU
		{458826D9-BF52-42DB-9669-8DF48308F5D5}.Debug|x64.ActiveCfg = Debug|Any CPU
		{458826D9-BF52-42DB-9669-8DF48308F5D5}.Debug|x64.Build.0 = Debug|Any CPU
		{458826D9-BF52-42DB-9669-8DF48308F5D5}.Debug|x86.ActiveCfg = Debug|Any CPU
		{458826D9-BF52-42DB-9669-8DF48308F5D5}.Debug|x86.Build.0 = Debug|Any CPU
		{458826D9-BF52-42DB-9669-8DF48308F5D5}.Release|Any CPU.ActiveCfg = Release|Any CPU
		{458826D9-BF52-42DB-9669-8DF48308F5D5}.Release|Any CPU.Build.0 = Release|Any CPU
		{458826D9-BF52-42DB-9669-8DF48308F5D5}.Release|x64.ActiveCfg = Release|Any CPU
		{458826D9-BF52-42DB-9669-8DF48308F5D5}.Release|x64.Build.0 = Release|Any CPU
		{458826D9-BF52-42DB-9669-8DF48308F5D5}.Release|x86.ActiveCfg = Release|Any CPU
		{458826D9-BF52-42DB-9669-8DF48308F5D5}.Release|x86.Build.0 = Release|Any CPU
		{0C57CD96-DC29-4F00-9C50-BBEF434A7A3F}.Debug|Any CPU.ActiveCfg = Debug|Any CPU
		{0C57CD96-DC29-4F00-9C50-BBEF434A7A3F}.Debug|Any CPU.Build.0 = Debug|Any CPU
		{0C57CD96-DC29-4F00-9C50-BBEF434A7A3F}.Debug|x64.ActiveCfg = Debug|Any CPU
		{0C57CD96-DC29-4F00-9C50-BBEF434A7A3F}.Debug|x64.Build.0 = Debug|Any CPU
		{0C57CD96-DC29-4F00-9C50-BBEF434A7A3F}.Debug|x86.ActiveCfg = Debug|Any CPU
		{0C57CD96-DC29-4F00-9C50-BBEF434A7A3F}.Debug|x86.Build.0 = Debug|Any CPU
		{0C57CD96-DC29-4F00-9C50-BBEF434A7A3F}.Release|Any CPU.ActiveCfg = Release|Any CPU
		{0C57CD96-DC29-4F00-9C50-BBEF434A7A3F}.Release|Any CPU.Build.0 = Release|Any CPU
		{0C57CD96-DC29-4F00-9C50-BBEF434A7A3F}.Release|x64.ActiveCfg = Release|Any CPU
		{0C57CD96-DC29-4F00-9C50-BBEF434A7A3F}.Release|x64.Build.0 = Release|Any CPU
		{0C57CD96-DC29-4F00-9C50-BBEF434A7A3F}.Release|x86.ActiveCfg = Release|Any CPU
		{0C57CD96-DC29-4F00-9C50-BBEF434A7A3F}.Release|x86.Build.0 = Release|Any CPU
		{0C0DFF2C-144B-43A2-86E6-2A6B8F50C93A}.Debug|Any CPU.ActiveCfg = Debug|Any CPU
		{0C0DFF2C-144B-43A2-86E6-2A6B8F50C93A}.Debug|Any CPU.Build.0 = Debug|Any CPU
		{0C0DFF2C-144B-43A2-86E6-2A6B8F50C93A}.Debug|x64.ActiveCfg = Debug|Any CPU
		{0C0DFF2C-144B-43A2-86E6-2A6B8F50C93A}.Debug|x64.Build.0 = Debug|Any CPU
		{0C0DFF2C-144B-43A2-86E6-2A6B8F50C93A}.Debug|x86.ActiveCfg = Debug|Any CPU
		{0C0DFF2C-144B-43A2-86E6-2A6B8F50C93A}.Debug|x86.Build.0 = Debug|Any CPU
		{0C0DFF2C-144B-43A2-86E6-2A6B8F50C93A}.Release|Any CPU.ActiveCfg = Release|Any CPU
		{0C0DFF2C-144B-43A2-86E6-2A6B8F50C93A}.Release|Any CPU.Build.0 = Release|Any CPU
		{0C0DFF2C-144B-43A2-86E6-2A6B8F50C93A}.Release|x64.ActiveCfg = Release|Any CPU
		{0C0DFF2C-144B-43A2-86E6-2A6B8F50C93A}.Release|x64.Build.0 = Release|Any CPU
		{0C0DFF2C-144B-43A2-86E6-2A6B8F50C93A}.Release|x86.ActiveCfg = Release|Any CPU
		{0C0DFF2C-144B-43A2-86E6-2A6B8F50C93A}.Release|x86.Build.0 = Release|Any CPU
		{1541F74A-861D-4694-85E3-4E146E3EAEAE}.Debug|Any CPU.ActiveCfg = Debug|Any CPU
		{1541F74A-861D-4694-85E3-4E146E3EAEAE}.Debug|Any CPU.Build.0 = Debug|Any CPU
		{1541F74A-861D-4694-85E3-4E146E3EAEAE}.Debug|x64.ActiveCfg = Debug|Any CPU
		{1541F74A-861D-4694-85E3-4E146E3EAEAE}.Debug|x64.Build.0 = Debug|Any CPU
		{1541F74A-861D-4694-85E3-4E146E3EAEAE}.Debug|x86.ActiveCfg = Debug|Any CPU
		{1541F74A-861D-4694-85E3-4E146E3EAEAE}.Debug|x86.Build.0 = Debug|Any CPU
		{1541F74A-861D-4694-85E3-4E146E3EAEAE}.Release|Any CPU.ActiveCfg = Release|Any CPU
		{1541F74A-861D-4694-85E3-4E146E3EAEAE}.Release|Any CPU.Build.0 = Release|Any CPU
		{1541F74A-861D-4694-85E3-4E146E3EAEAE}.Release|x64.ActiveCfg = Release|Any CPU
		{1541F74A-861D-4694-85E3-4E146E3EAEAE}.Release|x64.Build.0 = Release|Any CPU
		{1541F74A-861D-4694-85E3-4E146E3EAEAE}.Release|x86.ActiveCfg = Release|Any CPU
		{1541F74A-861D-4694-85E3-4E146E3EAEAE}.Release|x86.Build.0 = Release|Any CPU
		{0CEBAD6D-5F5C-4245-9736-0416937B53E7}.Debug|Any CPU.ActiveCfg = Debug|Any CPU
		{0CEBAD6D-5F5C-4245-9736-0416937B53E7}.Debug|Any CPU.Build.0 = Debug|Any CPU
		{0CEBAD6D-5F5C-4245-9736-0416937B53E7}.Debug|x64.ActiveCfg = Debug|Any CPU
		{0CEBAD6D-5F5C-4245-9736-0416937B53E7}.Debug|x64.Build.0 = Debug|Any CPU
		{0CEBAD6D-5F5C-4245-9736-0416937B53E7}.Debug|x86.ActiveCfg = Debug|Any CPU
		{0CEBAD6D-5F5C-4245-9736-0416937B53E7}.Debug|x86.Build.0 = Debug|Any CPU
		{0CEBAD6D-5F5C-4245-9736-0416937B53E7}.Release|Any CPU.ActiveCfg = Release|Any CPU
		{0CEBAD6D-5F5C-4245-9736-0416937B53E7}.Release|Any CPU.Build.0 = Release|Any CPU
		{0CEBAD6D-5F5C-4245-9736-0416937B53E7}.Release|x64.ActiveCfg = Release|Any CPU
		{0CEBAD6D-5F5C-4245-9736-0416937B53E7}.Release|x64.Build.0 = Release|Any CPU
		{0CEBAD6D-5F5C-4245-9736-0416937B53E7}.Release|x86.ActiveCfg = Release|Any CPU
		{0CEBAD6D-5F5C-4245-9736-0416937B53E7}.Release|x86.Build.0 = Release|Any CPU
		{E15C7A3A-168C-487C-AC21-2B2E28AA6014}.Debug|Any CPU.ActiveCfg = Debug|Any CPU
		{E15C7A3A-168C-487C-AC21-2B2E28AA6014}.Debug|Any CPU.Build.0 = Debug|Any CPU
		{E15C7A3A-168C-487C-AC21-2B2E28AA6014}.Debug|x64.ActiveCfg = Debug|Any CPU
		{E15C7A3A-168C-487C-AC21-2B2E28AA6014}.Debug|x64.Build.0 = Debug|Any CPU
		{E15C7A3A-168C-487C-AC21-2B2E28AA6014}.Debug|x86.ActiveCfg = Debug|Any CPU
		{E15C7A3A-168C-487C-AC21-2B2E28AA6014}.Debug|x86.Build.0 = Debug|Any CPU
		{E15C7A3A-168C-487C-AC21-2B2E28AA6014}.Release|Any CPU.ActiveCfg = Release|Any CPU
		{E15C7A3A-168C-487C-AC21-2B2E28AA6014}.Release|Any CPU.Build.0 = Release|Any CPU
		{E15C7A3A-168C-487C-AC21-2B2E28AA6014}.Release|x64.ActiveCfg = Release|Any CPU
		{E15C7A3A-168C-487C-AC21-2B2E28AA6014}.Release|x64.Build.0 = Release|Any CPU
		{E15C7A3A-168C-487C-AC21-2B2E28AA6014}.Release|x86.ActiveCfg = Release|Any CPU
		{E15C7A3A-168C-487C-AC21-2B2E28AA6014}.Release|x86.Build.0 = Release|Any CPU
		{3DC499CF-C566-42BB-BDE8-78255F9D473B}.Debug|Any CPU.ActiveCfg = Debug|Any CPU
		{3DC499CF-C566-42BB-BDE8-78255F9D473B}.Debug|Any CPU.Build.0 = Debug|Any CPU
		{3DC499CF-C566-42BB-BDE8-78255F9D473B}.Debug|x64.ActiveCfg = Debug|Any CPU
		{3DC499CF-C566-42BB-BDE8-78255F9D473B}.Debug|x64.Build.0 = Debug|Any CPU
		{3DC499CF-C566-42BB-BDE8-78255F9D473B}.Debug|x86.ActiveCfg = Debug|Any CPU
		{3DC499CF-C566-42BB-BDE8-78255F9D473B}.Debug|x86.Build.0 = Debug|Any CPU
		{3DC499CF-C566-42BB-BDE8-78255F9D473B}.Release|Any CPU.ActiveCfg = Release|Any CPU
		{3DC499CF-C566-42BB-BDE8-78255F9D473B}.Release|Any CPU.Build.0 = Release|Any CPU
		{3DC499CF-C566-42BB-BDE8-78255F9D473B}.Release|x64.ActiveCfg = Release|Any CPU
		{3DC499CF-C566-42BB-BDE8-78255F9D473B}.Release|x64.Build.0 = Release|Any CPU
		{3DC499CF-C566-42BB-BDE8-78255F9D473B}.Release|x86.ActiveCfg = Release|Any CPU
		{3DC499CF-C566-42BB-BDE8-78255F9D473B}.Release|x86.Build.0 = Release|Any CPU
		{21863403-7D9D-4B3B-87AA-64810FFA864E}.Debug|Any CPU.ActiveCfg = Debug|Any CPU
		{21863403-7D9D-4B3B-87AA-64810FFA864E}.Debug|Any CPU.Build.0 = Debug|Any CPU
		{21863403-7D9D-4B3B-87AA-64810FFA864E}.Debug|x64.ActiveCfg = Debug|Any CPU
		{21863403-7D9D-4B3B-87AA-64810FFA864E}.Debug|x64.Build.0 = Debug|Any CPU
		{21863403-7D9D-4B3B-87AA-64810FFA864E}.Debug|x86.ActiveCfg = Debug|Any CPU
		{21863403-7D9D-4B3B-87AA-64810FFA864E}.Debug|x86.Build.0 = Debug|Any CPU
		{21863403-7D9D-4B3B-87AA-64810FFA864E}.Release|Any CPU.ActiveCfg = Release|Any CPU
		{21863403-7D9D-4B3B-87AA-64810FFA864E}.Release|Any CPU.Build.0 = Release|Any CPU
		{21863403-7D9D-4B3B-87AA-64810FFA864E}.Release|x64.ActiveCfg = Release|Any CPU
		{21863403-7D9D-4B3B-87AA-64810FFA864E}.Release|x64.Build.0 = Release|Any CPU
		{21863403-7D9D-4B3B-87AA-64810FFA864E}.Release|x86.ActiveCfg = Release|Any CPU
		{21863403-7D9D-4B3B-87AA-64810FFA864E}.Release|x86.Build.0 = Release|Any CPU
		{3345847F-1C53-4CCD-9292-C49B7FAC444C}.Debug|Any CPU.ActiveCfg = Debug|Any CPU
		{3345847F-1C53-4CCD-9292-C49B7FAC444C}.Debug|Any CPU.Build.0 = Debug|Any CPU
		{3345847F-1C53-4CCD-9292-C49B7FAC444C}.Debug|x64.ActiveCfg = Debug|Any CPU
		{3345847F-1C53-4CCD-9292-C49B7FAC444C}.Debug|x64.Build.0 = Debug|Any CPU
		{3345847F-1C53-4CCD-9292-C49B7FAC444C}.Debug|x86.ActiveCfg = Debug|Any CPU
		{3345847F-1C53-4CCD-9292-C49B7FAC444C}.Debug|x86.Build.0 = Debug|Any CPU
		{3345847F-1C53-4CCD-9292-C49B7FAC444C}.Release|Any CPU.ActiveCfg = Release|Any CPU
		{3345847F-1C53-4CCD-9292-C49B7FAC444C}.Release|Any CPU.Build.0 = Release|Any CPU
		{3345847F-1C53-4CCD-9292-C49B7FAC444C}.Release|x64.ActiveCfg = Release|Any CPU
		{3345847F-1C53-4CCD-9292-C49B7FAC444C}.Release|x64.Build.0 = Release|Any CPU
		{3345847F-1C53-4CCD-9292-C49B7FAC444C}.Release|x86.ActiveCfg = Release|Any CPU
		{3345847F-1C53-4CCD-9292-C49B7FAC444C}.Release|x86.Build.0 = Release|Any CPU
		{002EF78C-BC4F-4CDA-BD97-BD5D8FC1D037}.Debug|Any CPU.ActiveCfg = Debug|Any CPU
		{002EF78C-BC4F-4CDA-BD97-BD5D8FC1D037}.Debug|Any CPU.Build.0 = Debug|Any CPU
		{002EF78C-BC4F-4CDA-BD97-BD5D8FC1D037}.Debug|x64.ActiveCfg = Debug|Any CPU
		{002EF78C-BC4F-4CDA-BD97-BD5D8FC1D037}.Debug|x64.Build.0 = Debug|Any CPU
		{002EF78C-BC4F-4CDA-BD97-BD5D8FC1D037}.Debug|x86.ActiveCfg = Debug|Any CPU
		{002EF78C-BC4F-4CDA-BD97-BD5D8FC1D037}.Debug|x86.Build.0 = Debug|Any CPU
		{002EF78C-BC4F-4CDA-BD97-BD5D8FC1D037}.Release|Any CPU.ActiveCfg = Release|Any CPU
		{002EF78C-BC4F-4CDA-BD97-BD5D8FC1D037}.Release|Any CPU.Build.0 = Release|Any CPU
		{002EF78C-BC4F-4CDA-BD97-BD5D8FC1D037}.Release|x64.ActiveCfg = Release|Any CPU
		{002EF78C-BC4F-4CDA-BD97-BD5D8FC1D037}.Release|x64.Build.0 = Release|Any CPU
		{002EF78C-BC4F-4CDA-BD97-BD5D8FC1D037}.Release|x86.ActiveCfg = Release|Any CPU
		{002EF78C-BC4F-4CDA-BD97-BD5D8FC1D037}.Release|x86.Build.0 = Release|Any CPU
	EndGlobalSection
	GlobalSection(SolutionProperties) = preSolution
		HideSolutionNode = FALSE
	EndGlobalSection
	GlobalSection(NestedProjects) = preSolution
		{2AB3B56F-8FCA-DDBF-4F6C-CCB8A6C73858} = {5784BCA8-151E-1AFB-54FD-305F915D414E}
		{3E0B2201-3EDA-4F4D-DADF-E91E22F78B1B} = {83A3FF5F-A694-8F5D-75DD-833784B0AE3C}
		{8170FA08-840F-E347-18A9-BC7C53ACF59D} = {A360C8D4-D4F4-2D9B-A36E-7D4E1D3B12E5}
		{3E4871D0-9F60-4525-EF54-934938AB6EE4} = {121FCCD5-A622-28EF-E3AD-6628D85804FE}
		{4F40B952-63FE-4334-1941-F5DEB09271A0} = {121FCCD5-A622-28EF-E3AD-6628D85804FE}
		{1CFB3F5F-9C0B-4308-8D62-3A62643038FB} = {2AB3B56F-8FCA-DDBF-4F6C-CCB8A6C73858}
		{97D3C2C7-940D-4DD9-9495-A76E4C15370B} = {2AB3B56F-8FCA-DDBF-4F6C-CCB8A6C73858}
		{AB03F2DC-1B0F-4662-9CF9-7F9EB836E96B} = {2AB3B56F-8FCA-DDBF-4F6C-CCB8A6C73858}
		{22F6FA59-BD00-48ED-9C66-EEB20ADA1733} = {2AB3B56F-8FCA-DDBF-4F6C-CCB8A6C73858}
		{E6A0F922-E704-480A-A6E7-D609B94BF011} = {BDC800B2-BD00-4D89-87FE-4D35BBE960C5}
		{53F009C4-9F51-4018-8285-602EE34EE34B} = {BDC800B2-BD00-4D89-87FE-4D35BBE960C5}
		{7A3B93C9-A9F8-437A-B3AC-B20F793345A6} = {BDC800B2-BD00-4D89-87FE-4D35BBE960C5}
		{158DCD1A-EF07-49A7-98D3-DB1F6754EA75} = {BDC800B2-BD00-4D89-87FE-4D35BBE960C5}
		{35EFC0CD-FF8F-4A3B-9FBB-73D2A0FEC1DB} = {3E0B2201-3EDA-4F4D-DADF-E91E22F78B1B}
		{C6130DB6-F536-46BD-8D29-42420E4076A2} = {3E0B2201-3EDA-4F4D-DADF-E91E22F78B1B}
		{97C117B1-051E-47D9-AEC2-74C759A2BCB7} = {3E0B2201-3EDA-4F4D-DADF-E91E22F78B1B}
		{62224AC9-F228-451C-AC0F-EC92448178E8} = {3E0B2201-3EDA-4F4D-DADF-E91E22F78B1B}
		{5A8E847C-0971-4B0B-BF9E-BAB094D98A85} = {02EA681E-C7D8-13C7-8484-4AC65E1B71E8}
		{B48094AE-032A-4101-8F20-E27062733805} = {02EA681E-C7D8-13C7-8484-4AC65E1B71E8}
		{720CDA5B-C8A7-42B9-80F8-3E857F468151} = {02EA681E-C7D8-13C7-8484-4AC65E1B71E8}
		{E1997280-2110-4CA3-B469-804E79842DB3} = {02EA681E-C7D8-13C7-8484-4AC65E1B71E8}
		{03404FAD-74FC-447D-B11A-14E1D9DD1341} = {8170FA08-840F-E347-18A9-BC7C53ACF59D}
		{41F7ADAD-0836-4A02-8D7E-C9D4ECAF13B2} = {8170FA08-840F-E347-18A9-BC7C53ACF59D}
		{C9689462-3DC3-40B1-8BE0-BA9DD0E91B32} = {8170FA08-840F-E347-18A9-BC7C53ACF59D}
		{00184779-090A-4C96-800E-2BA16FDD58E1} = {8170FA08-840F-E347-18A9-BC7C53ACF59D}
		{54730871-A8D0-4E98-9D77-00C9B3326E49} = {6726FDAD-9526-49E8-90FD-684818FE2A39}
		{298EDEAB-A925-4400-9BC3-870BA7B63407} = {6726FDAD-9526-49E8-90FD-684818FE2A39}
		{128D64B1-7A01-4769-A49D-68AA722A96C1} = {6726FDAD-9526-49E8-90FD-684818FE2A39}
		{81DCF98D-F820-40E5-BB9C-4CC823793134} = {6726FDAD-9526-49E8-90FD-684818FE2A39}
		{458826D9-BF52-42DB-9669-8DF48308F5D5} = {3E4871D0-9F60-4525-EF54-934938AB6EE4}
		{0C57CD96-DC29-4F00-9C50-BBEF434A7A3F} = {3E4871D0-9F60-4525-EF54-934938AB6EE4}
		{0C0DFF2C-144B-43A2-86E6-2A6B8F50C93A} = {3E4871D0-9F60-4525-EF54-934938AB6EE4}
		{1541F74A-861D-4694-85E3-4E146E3EAEAE} = {3E4871D0-9F60-4525-EF54-934938AB6EE4}
		{0CEBAD6D-5F5C-4245-9736-0416937B53E7} = {4F40B952-63FE-4334-1941-F5DEB09271A0}
		{E15C7A3A-168C-487C-AC21-2B2E28AA6014} = {4F40B952-63FE-4334-1941-F5DEB09271A0}
		{3DC499CF-C566-42BB-BDE8-78255F9D473B} = {4F40B952-63FE-4334-1941-F5DEB09271A0}
		{21863403-7D9D-4B3B-87AA-64810FFA864E} = {4F40B952-63FE-4334-1941-F5DEB09271A0}
		{02EA681E-C7D8-13C7-8484-4AC65E1B71E8} = {83A3FF5F-A694-8F5D-75DD-833784B0AE3C}
		{6726FDAD-9526-49E8-90FD-684818FE2A39} = {A360C8D4-D4F4-2D9B-A36E-7D4E1D3B12E5}
		{BDC800B2-BD00-4D89-87FE-4D35BBE960C5} = {5784BCA8-151E-1AFB-54FD-305F915D414E}
		{0ABB0495-60A3-4134-EA18-68FF69A040D5} = {440CBFEE-8A7C-C5C9-21A3-57FAD69DA255}
		{002EF78C-BC4F-4CDA-BD97-BD5D8FC1D037} = {0ABB0495-60A3-4134-EA18-68FF69A040D5}
	EndGlobalSection
	GlobalSection(ExtensibilityGlobals) = postSolution
		SolutionGuid = {A3098516-B800-4E5E-8DD1-AFDD0CA7C05C}
	EndGlobalSection
EndGlobal
